
Microsoft Visual Studio Solution File, Format Version 12.00
# Visual Studio 15
VisualStudioVersion = 15.0.28307.572
MinimumVisualStudioVersion = 10.0.40219.1
Project("{FAE04EC0-301F-11D3-BF4B-00C04F79EFBC}") = "UnitTestProject1", "UnitTestProject1\UnitTestProject1.csproj", "{7C4CE371-0029-4649-B65D-9CB9F8EBABE3}"
EndProject
Project("{FAE04EC0-301F-11D3-BF4B-00C04F79EFBC}") = "Console", "Console\Console.csproj", "{31CCFAFD-71FA-473F-B586-7DA518A7766E}"
EndProject
Global
	GlobalSection(SolutionConfigurationPlatforms) = preSolution
		Debug|Any CPU = Debug|Any CPU
		Release|Any CPU = Release|Any CPU
	EndGlobalSection
	GlobalSection(ProjectConfigurationPlatforms) = postSolution
		{7C4CE371-0029-4649-B65D-9CB9F8EBABE3}.Debug|Any CPU.ActiveCfg = Debug|Any CPU
		{7C4CE371-0029-4649-B65D-9CB9F8EBABE3}.Debug|Any CPU.Build.0 = Debug|Any CPU
		{7C4CE371-0029-4649-B65D-9CB9F8EBABE3}.Release|Any CPU.ActiveCfg = Release|Any CPU
		{7C4CE371-0029-4649-B65D-9CB9F8EBABE3}.Release|Any CPU.Build.0 = Release|Any CPU
		{31CCFAFD-71FA-473F-B586-7DA518A7766E}.Debug|Any CPU.ActiveCfg = Debug|Any CPU
		{31CCFAFD-71FA-473F-B586-7DA518A7766E}.Debug|Any CPU.Build.0 = Debug|Any CPU
		{31CCFAFD-71FA-473F-B586-7DA518A7766E}.Release|Any CPU.ActiveCfg = Release|Any CPU
		{31CCFAFD-71FA-473F-B586-7DA518A7766E}.Release|Any CPU.Build.0 = Release|Any CPU
	EndGlobalSection
	GlobalSection(SolutionProperties) = preSolution
		HideSolutionNode = FALSE
	EndGlobalSection
	GlobalSection(ExtensibilityGlobals) = postSolution
		SolutionGuid = {EDAD9DC3-29C1-4C09-AE01-2D7C4F4D814E}
	EndGlobalSection
EndGlobal
